
Microsoft Visual Studio Solution File, Format Version 12.00
Project("{FAE04EC0-301F-11D3-BF4B-00C04F79EFBC}") = "Arbeitszeitenrechner", "Arbeitszeitenrechner.csproj", "{2C7BFA81-C711-4017-B92F-141C69D70925}"
EndProject
Global
	GlobalSection(SolutionConfigurationPlatforms) = preSolution
		Debug|Any CPU = Debug|Any CPU
		Release|Any CPU = Release|Any CPU
	EndGlobalSection
	GlobalSection(ProjectConfigurationPlatforms) = postSolution
		{2C7BFA81-C711-4017-B92F-141C69D70925}.Debug|Any CPU.ActiveCfg = Debug|Any CPU
		{2C7BFA81-C711-4017-B92F-141C69D70925}.Debug|Any CPU.Build.0 = Debug|Any CPU
		{2C7BFA81-C711-4017-B92F-141C69D70925}.Release|Any CPU.ActiveCfg = Release|Any CPU
		{2C7BFA81-C711-4017-B92F-141C69D70925}.Release|Any CPU.Build.0 = Release|Any CPU
	EndGlobalSection
EndGlobal
